Microsoft Visual Studio Solution File, Format Version 11.00
# Visual Studio 2008

Project("{1ECE8FFF-594F-6C38-3896-553375DA40E8}") = "slashed2bits", "Assembly-CSharp-firstpass.csproj", "{46074F95-47AD-C4C8-83C9-2922EC876443}"
EndProject
Project("{1ECE8FFF-594F-6C38-3896-553375DA40E8}") = "slashed2bits", "Assembly-CSharp.csproj", "{63373000-10D5-D361-D3BB-83D43E980928}"
EndProject
Project("{1ECE8FFF-594F-6C38-3896-553375DA40E8}") = "slashed2bits", "Assembly-CSharp-Editor.csproj", "{01DCCEAF-1B3E-6A78-4F09-FDEB4FED6836}"
EndProject
Global
	GlobalSection(SolutionConfigurationPlatforms) = preSolution
		Debug|Any CPU = Debug|Any CPU
		Release|Any CPU = Release|Any CPU
	EndGlobalSection
	GlobalSection(ProjectConfigurationPlatforms) = postSolution
		{46074F95-47AD-C4C8-83C9-2922EC876443}.Debug|Any CPU.ActiveCfg = Debug|Any CPU
		{46074F95-47AD-C4C8-83C9-2922EC876443}.Debug|Any CPU.Build.0 = Debug|Any CPU
		{46074F95-47AD-C4C8-83C9-2922EC876443}.Release|Any CPU.ActiveCfg = Release|Any CPU
		{46074F95-47AD-C4C8-83C9-2922EC876443}.Release|Any CPU.Build.0 = Release|Any CPU
		{63373000-10D5-D361-D3BB-83D43E980928}.Debug|Any CPU.ActiveCfg = Debug|Any CPU
		{63373000-10D5-D361-D3BB-83D43E980928}.Debug|Any CPU.Build.0 = Debug|Any CPU
		{63373000-10D5-D361-D3BB-83D43E980928}.Release|Any CPU.ActiveCfg = Release|Any CPU
		{63373000-10D5-D361-D3BB-83D43E980928}.Release|Any CPU.Build.0 = Release|Any CPU
		{01DCCEAF-1B3E-6A78-4F09-FDEB4FED6836}.Debug|Any CPU.ActiveCfg = Debug|Any CPU
		{01DCCEAF-1B3E-6A78-4F09-FDEB4FED6836}.Debug|Any CPU.Build.0 = Debug|Any CPU
		{01DCCEAF-1B3E-6A78-4F09-FDEB4FED6836}.Release|Any CPU.ActiveCfg = Release|Any CPU
		{01DCCEAF-1B3E-6A78-4F09-FDEB4FED6836}.Release|Any CPU.Build.0 = Release|Any CPU
	EndGlobalSection
	GlobalSection(SolutionProperties) = preSolution
		HideSolutionNode = FALSE
	EndGlobalSection
	GlobalSection(MonoDevelopProperties) = preSolution
		StartupItem = Assembly-CSharp.csproj
	EndGlobalSection
EndGlobal
